<?xml version="1.0" encoding="utf-8"?>
<Project ToolsVersion="4.0" xmlns="http://schemas.microsoft.com/developer/msbuild/2003">
  <ItemGroup>
    <Filter Include="ソース ファイル">
      <UniqueIdentifier>{4FC737F1-C7A5-4376-A066-2A32D752A2FF}</UniqueIdentifier>
      <Extensions>cpp;c;cc;cxx;c++;cppm;ixx;def;odl;idl;hpj;bat;asm;asmx</Extensions>
    </Filter>
    <Filter Include="ヘッダー ファイル">
      <UniqueIdentifier>{93995380-89BD-4b04-88EB-625FBE52EBFB}</UniqueIdentifier>
      <Extensions>h;hh;hpp;hxx;h++;hm;inl;inc;ipp;xsd</Extensions>
    </Filter>
    <Filter Include="リソース ファイル">
      <UniqueIdentifier>{67DA6AB6-F800-4c08-8B7A-83BB121AAD01}</UniqueIdentifier>
      <Extensions>rc;ico;cur;bmp;dlg;rc2;rct;bin;rgs;gif;jpg;jpeg;jpe;resx;tiff;tif;png;wav;mfcribbon-ms</Extensions>
    </Filter>
    <Filter Include="シェーダー ファイル">
      <UniqueIdentifier>{718c7f4c-fc51-40ad-a221-b9456a7a1a3c}</UniqueIdentifier>
    </Filter>
    <Filter Include="scene">
      <UniqueIdentifier>{5b00d7b9-4438-4933-9747-4b44c68020bc}</UniqueIdentifier>
    </Filter>
    <Filter Include="自作ファイル">
      <UniqueIdentifier>{ffb4a13c-1cf7-4f92-a9df-b072d8c7cd6a}</UniqueIdentifier>
    </Filter>
    <Filter Include="scene\title">
      <UniqueIdentifier>{8ae37dc4-5bd9-40d0-a556-6af778987386}</UniqueIdentifier>
    </Filter>
    <Filter Include="scene\game">
      <UniqueIdentifier>{68e3cbc7-3460-4ad4-b830-cd9e9b6ed60a}</UniqueIdentifier>
    </Filter>
    <Filter Include="scene\clear">
      <UniqueIdentifier>{82dc0e1e-a7e3-4746-8b22-e4bfb80e5995}</UniqueIdentifier>
    </Filter>
    <Filter Include="scene\main">
      <UniqueIdentifier>{cdf24659-81d1-49d3-991e-952598e78649}</UniqueIdentifier>
    </Filter>
    <Filter Include="player">
      <UniqueIdentifier>{7a209447-b27a-4910-9a5b-bf3a9ccb3b35}</UniqueIdentifier>
    </Filter>
    <Filter Include="enemy">
      <UniqueIdentifier>{17d10519-33a7-41d2-9f23-c0dff6073208}</UniqueIdentifier>
    </Filter>
    <Filter Include="enemy\small">
      <UniqueIdentifier>{5bbaf062-5b68-4e86-b9d3-2fc554ca61a6}</UniqueIdentifier>
    </Filter>
    <Filter Include="enemy\mid">
      <UniqueIdentifier>{e06f9e13-59f6-4434-999b-2cdb18e72750}</UniqueIdentifier>
    </Filter>
    <Filter Include="enemy\big">
      <UniqueIdentifier>{a6b94dec-bfa8-4d70-96a4-ee859bac939e}</UniqueIdentifier>
    </Filter>
    <Filter Include="scene\stage">
      <UniqueIdentifier>{323a8e63-dd99-4d3e-9bc0-44910121dc17}</UniqueIdentifier>
    </Filter>
  </ItemGroup>
  <ItemGroup>
    <ClCompile Include="WorldTransformEx.cpp">
      <Filter>ソース ファイル</Filter>
    </ClCompile>
    <ClCompile Include="main.cpp">
      <Filter>自作ファイル</Filter>
    </ClCompile>
    <ClCompile Include="Title.cpp">
      <Filter>scene\title</Filter>
    </ClCompile>
    <ClCompile Include="GameScene.cpp">
      <Filter>scene\game</Filter>
    </ClCompile>
    <ClCompile Include="GameClear.cpp">
      <Filter>scene\clear</Filter>
    </ClCompile>
    <ClCompile Include="MainScene.cpp">
      <Filter>scene\main</Filter>
    </ClCompile>
    <ClCompile Include="PlayerBullet.cpp">
      <Filter>player</Filter>
    </ClCompile>
    <ClCompile Include="Player.cpp">
      <Filter>player</Filter>
    </ClCompile>
    <ClCompile Include="kMath.cpp">
      <Filter>自作ファイル</Filter>
    </ClCompile>
    <ClCompile Include="EnemyBullet.cpp">
      <Filter>enemy</Filter>
    </ClCompile>
    <ClCompile Include="BigEnemy.cpp">
      <Filter>enemy\big</Filter>
    </ClCompile>
    <ClCompile Include="MidEnemy.cpp">
      <Filter>enemy\mid</Filter>
    </ClCompile>
    <ClCompile Include="BaseEnemy.cpp">
      <Filter>enemy</Filter>
    </ClCompile>
    <ClCompile Include="smallEnemy.cpp">
      <Filter>enemy\small</Filter>
    </ClCompile>
    <ClCompile Include="Collision.cpp">
      <Filter>自作ファイル</Filter>
    </ClCompile>
    <ClCompile Include="Stage3.cpp">
      <Filter>scene\stage</Filter>
    </ClCompile>
    <ClCompile Include="Stage2.cpp">
      <Filter>scene\stage</Filter>
    </ClCompile>
    <ClCompile Include="Stage1.cpp">
      <Filter>scene\stage</Filter>
    </ClCompile>
    <ClCompile Include="FinalStage.cpp">
      <Filter>scene\stage</Filter>
    </ClCompile>
    <ClCompile Include="StageBase.cpp">
      <Filter>scene\game</Filter>
    </ClCompile>
  </ItemGroup>
  <ItemGroup>
    <FxCompile Include="Resources\shaders\SpritePS.hlsl">
      <Filter>シェーダー ファイル</Filter>
    </FxCompile>
    <FxCompile Include="Resources\shaders\SpriteVS.hlsl">
      <Filter>シェーダー ファイル</Filter>
    </FxCompile>
    <FxCompile Include="Resources\shaders\ShapeVS.hlsl">
      <Filter>シェーダー ファイル</Filter>
    </FxCompile>
    <FxCompile Include="Resources\shaders\ShapePS.hlsl">
      <Filter>シェーダー ファイル</Filter>
    </FxCompile>
    <FxCompile Include="Resources\shaders\ObjPS.hlsl">
      <Filter>シェーダー ファイル</Filter>
    </FxCompile>
    <FxCompile Include="Resources\shaders\ObjVS.hlsl">
      <Filter>シェーダー ファイル</Filter>
    </FxCompile>
    <FxCompile Include="Resources\shaders\PrimitivePS.hlsl">
      <Filter>シェーダー ファイル</Filter>
    </FxCompile>
    <FxCompile Include="Resources\shaders\PrimitiveVS.hlsl">
      <Filter>シェーダー ファイル</Filter>
    </FxCompile>
    <FxCompile Include="Resources\shaders\TerrainPS.hlsl">
      <Filter>シェーダー ファイル</Filter>
    </FxCompile>
    <FxCompile Include="Resources\shaders\TerrainVS.hlsl">
      <Filter>シェーダー ファイル</Filter>
    </FxCompile>
  </ItemGroup>
  <ItemGroup>
    <None Include="Resources\shaders\Sprite.hlsli">
      <Filter>シェーダー ファイル</Filter>
    </None>
    <None Include="Resources\shaders\Shape.hlsli">
      <Filter>シェーダー ファイル</Filter>
    </None>
    <None Include="Resources\shaders\Obj.hlsli">
      <Filter>シェーダー ファイル</Filter>
    </None>
    <None Include="Resources\shaders\Primitive.hlsli">
      <Filter>シェーダー ファイル</Filter>
    </None>
    <None Include="Resources\shaders\Terrain.hlsli">
      <Filter>シェーダー ファイル</Filter>
    </None>
  </ItemGroup>
  <ItemGroup>
    <ClInclude Include="Title.h">
      <Filter>scene\title</Filter>
    </ClInclude>
    <ClInclude Include="GameScene.h">
      <Filter>scene\game</Filter>
    </ClInclude>
    <ClInclude Include="GameClear.h">
      <Filter>scene\clear</Filter>
    </ClInclude>
    <ClInclude Include="MainScene.h">
      <Filter>scene\main</Filter>
    </ClInclude>
    <ClInclude Include="PlayerBullet.h">
      <Filter>player</Filter>
    </ClInclude>
    <ClInclude Include="Player.h">
      <Filter>player</Filter>
    </ClInclude>
    <ClInclude Include="kMath.h">
      <Filter>自作ファイル</Filter>
    </ClInclude>
    <ClInclude Include="EnemyBullet.h">
      <Filter>enemy</Filter>
    </ClInclude>
    <ClInclude Include="BigEnemy.h">
      <Filter>enemy\big</Filter>
    </ClInclude>
    <ClInclude Include="MidEnemy.h">
      <Filter>enemy\mid</Filter>
    </ClInclude>
    <ClInclude Include="BaseEnemy.h">
      <Filter>enemy</Filter>
    </ClInclude>
    <ClInclude Include="smallEnemy.h">
      <Filter>enemy\small</Filter>
    </ClInclude>
    <ClInclude Include="Collision.h">
      <Filter>自作ファイル</Filter>
    </ClInclude>
    <ClInclude Include="Stage3.h">
      <Filter>scene\stage</Filter>
    </ClInclude>
    <ClInclude Include="Stage2.h">
      <Filter>scene\stage</Filter>
    </ClInclude>
    <ClInclude Include="Stage1.h">
      <Filter>scene\stage</Filter>
    </ClInclude>
    <ClInclude Include="FinalStage.h">
      <Filter>scene\stage</Filter>
    </ClInclude>
    <ClInclude Include="StageBase.h">
      <Filter>scene\game</Filter>
    </ClInclude>
  </ItemGroup>
</Project>